Microsoft Visual Studio Solution File, Format Version 12.00
# Visual Studio Version 17
VisualStudioVersion = 17.5.2.0
MinimumVisualStudioVersion = 10.0.40219.1
Project("{FAE04EC0-301F-11D3-BF4B-00C04F79EFBC}") = "ZonamaAPI", "ZonamaAPI\ZonamaAPI.csproj", "{61620BE7-0F82-9FBB-2D43-D2AD7ED5F895}"
EndProject
Global
	GlobalSection(SolutionConfigurationPlatforms) = preSolution
		Debug|Any CPU = Debug|Any CPU
		Release|Any CPU = Release|Any CPU
	EndGlobalSection
	GlobalSection(ProjectConfigurationPlatforms) = postSolution
		{61620BE7-0F82-9FBB-2D43-D2AD7ED5F895}.Debug|Any CPU.ActiveCfg = Debug|Any CPU
		{61620BE7-0F82-9FBB-2D43-D2AD7ED5F895}.Debug|Any CPU.Build.0 = Debug|Any CPU
		{61620BE7-0F82-9FBB-2D43-D2AD7ED5F895}.Release|Any CPU.ActiveCfg = Release|Any CPU
		{61620BE7-0F82-9FBB-2D43-D2AD7ED5F895}.Release|Any CPU.Build.0 = Release|Any CPU
	EndGlobalSection
	GlobalSection(SolutionProperties) = preSolution
		HideSolutionNode = FALSE
	EndGlobalSection
	GlobalSection(ExtensibilityGlobals) = postSolution
		SolutionGuid = {A781FECB-3E22-4BB2-9F4C-5BB03203E76A}
	EndGlobalSection
EndGlobal
